// !$*UTF8*$!
{
	archiveVersion = 1;
	classes = {
	};
	objectVersion = 50;
	objects = {

/* Begin PBXBuildFile section */
		BCDC7CBB21F1E2E800D6CDB4 /* AppDelegate.swift in Sources */ = {isa = PBXBuildFile; fileRef = BCDC7CBA21F1E2E800D6CDB4 /* AppDelegate.swift */; };
		BCDC7CBD21F1E2E800D6CDB4 /* ViewController.swift in Sources */ = {isa = PBXBuildFile; fileRef = BCDC7CBC21F1E2E800D6CDB4 /* ViewController.swift */; };
		BCDC7CC021F1E2E800D6CDB4 /* Main.storyboard in Resources */ = {isa = PBXBuildFile; fileRef = BCDC7CBE21F1E2E800D6CDB4 /* Main.storyboard */; };
		BCDC7CC221F1E2E900D6CDB4 /* Assets.xcassets in Resources */ = {isa = PBXBuildFile; fileRef = BCDC7CC121F1E2E900D6CDB4 /* Assets.xcassets */; };
		BCDC7CC521F1E2E900D6CDB4 /* LaunchScreen.storyboard in Resources */ = {isa = PBXBuildFile; fileRef = BCDC7CC321F1E2E900D6CDB4 /* LaunchScreen.storyboard */; };
		BCDC7CD021F1E2EA00D6CDB4 /* AutoLayout_With_ScrollView_and_TextViewTests.swift in Sources */ = {isa = PBXBuildFile; fileRef = BCDC7CCF21F1E2EA00D6CDB4 /* AutoLayout_With_ScrollView_and_TextViewTests.swift */; };
		BCDC7CDB21F1E2EA00D6CDB4 /* AutoLayout_With_ScrollView_and_TextViewUITests.swift in Sources */ = {isa = PBXBuildFile; fileRef = BCDC7CDA21F1E2EA00D6CDB4 /* AutoLayout_With_ScrollView_and_TextViewUITests.swift */; };
/* End PBXBuildFile section */

/* Begin PBXContainerItemProxy section */
		BCDC7CCC21F1E2EA00D6CDB4 /* PBXContainerItemProxy */ = {
			isa = PBXContainerItemProxy;
			containerPortal = BCDC7CAF21F1E2E800D6CDB4 /* Project object */;
			proxyType = 1;
			remoteGlobalIDString = BCDC7CB621F1E2E800D6CDB4;
			remoteInfo = "AutoLayout-With-ScrollView-and-TextView";
		};
		BCDC7CD721F1E2EA00D6CDB4 /* PBXContainerItemProxy */ = {
			isa = PBXContainerItemProxy;
			containerPortal = BCDC7CAF21F1E2E800D6CDB4 /* Project object */;
			proxyType = 1;
			remoteGlobalIDString = BCDC7CB621F1E2E800D6CDB4;
			remoteInfo = "AutoLayout-With-ScrollView-and-TextView";
		};
/* End PBXContainerItemProxy section */

/* Begin PBXFileReference section */
		BCDC7CB721F1E2E800D6CDB4 /* AutoLayout-With-ScrollView-and-TextView.app */ = {isa = PBXFileReference; explicitFileType = wrapper.application; includeInIndex = 0; path = "AutoLayout-With-ScrollView-and-TextView.app"; sourceTree = BUILT_PRODUCTS_DIR; };
		BCDC7CBA21F1E2E800D6CDB4 /* AppDelegate.swift */ = {isa = PBXFileReference; lastKnownFileType = sourcecode.swift; path = AppDelegate.swift; sourceTree = "<group>"; };
		BCDC7CBC21F1E2E800D6CDB4 /* ViewController.swift */ = {isa = PBXFileReference; lastKnownFileType = sourcecode.swift; path = ViewController.swift; sourceTree = "<group>"; };
		BCDC7CBF21F1E2E800D6CDB4 /* Base */ = {isa = PBXFileReference; lastKnownFileType = file.storyboard; name = Base; path = Base.lproj/Main.storyboard; sourceTree = "<group>"; };
		BCDC7CC121F1E2E900D6CDB4 /* Assets.xcassets */ = {isa = PBXFileReference; lastKnownFileType = folder.assetcatalog; path = Assets.xcassets; sourceTree = "<group>"; };
		BCDC7CC421F1E2E900D6CDB4 /* Base */ = {isa = PBXFileReference; lastKnownFileType = file.storyboard; name = Base; path = Base.lproj/LaunchScreen.storyboard; sourceTree = "<group>"; };
		BCDC7CC621F1E2E900D6CDB4 /* Info.plist */ = {isa = PBXFileReference; lastKnownFileType = text.plist.xml; path = Info.plist; sourceTree = "<group>"; };
		BCDC7CCB21F1E2EA00D6CDB4 /* AutoLayout-With-ScrollView-and-TextViewTests.xctest */ = {isa = PBXFileReference; explicitFileType = wrapper.cfbundle; includeInIndex = 0; path = "AutoLayout-With-ScrollView-and-TextViewTests.xctest"; sourceTree = BUILT_PRODUCTS_DIR; };
		BCDC7CCF21F1E2EA00D6CDB4 /* AutoLayout_With_ScrollView_and_TextViewTests.swift */ = {isa = PBXFileReference; lastKnownFileType = sourcecode.swift; path = AutoLayout_With_ScrollView_and_TextViewTests.swift; sourceTree = "<group>"; };
		BCDC7CD121F1E2EA00D6CDB4 /* Info.plist */ = {isa = PBXFileReference; lastKnownFileType = text.plist.xml; path = Info.plist; sourceTree = "<group>"; };
		BCDC7CD621F1E2EA00D6CDB4 /* AutoLayout-With-ScrollView-and-TextViewUITests.xctest */ = {isa = PBXFileReference; explicitFileType = wrapper.cfbundle; includeInIndex = 0; path = "AutoLayout-With-ScrollView-and-TextViewUITests.xctest"; sourceTree = BUILT_PRODUCTS_DIR; };
		BCDC7CDA21F1E2EA00D6CDB4 /* AutoLayout_With_ScrollView_and_TextViewUITests.swift */ = {isa = PBXFileReference; lastKnownFileType = sourcecode.swift; path = AutoLayout_With_ScrollView_and_TextViewUITests.swift; sourceTree = "<group>"; };
		BCDC7CDC21F1E2EA00D6CDB4 /* Info.plist */ = {isa = PBXFileReference; lastKnownFileType = text.plist.xml; path = Info.plist; sourceTree = "<group>"; };
/* End PBXFileReference section */

/* Begin PBXFrameworksBuildPhase section */
		BCDC7CB421F1E2E800D6CDB4 /* Frameworks */ = {
			isa = PBXFrameworksBuildPhase;
			buildActionMask = 2147483647;
			files = (
			);
			runOnlyForDeploymentPostprocessing = 0;
		};
		BCDC7CC821F1E2EA00D6CDB4 /* Frameworks */ = {
			isa = PBXFrameworksBuildPhase;
			buildActionMask = 2147483647;
			files = (
			);
			runOnlyForDeploymentPostprocessing = 0;
		};
		BCDC7CD321F1E2EA00D6CDB4 /* Frameworks */ = {
			isa = PBXFrameworksBuildPhase;
			buildActionMask = 2147483647;
			files = (
			);
			runOnlyForDeploymentPostprocessing = 0;
		};
/* End PBXFrameworksBuildPhase section */

/* Begin PBXGroup section */
		BCDC7CAE21F1E2E800D6CDB4 = {
			isa = PBXGroup;
			children = (
				BCDC7CB921F1E2E800D6CDB4 /* AutoLayout-With-ScrollView-and-TextView */,
				BCDC7CCE21F1E2EA00D6CDB4 /* AutoLayout-With-ScrollView-and-TextViewTests */,
				BCDC7CD921F1E2EA00D6CDB4 /* AutoLayout-With-ScrollView-and-TextViewUITests */,
				BCDC7CB821F1E2E800D6CDB4 /* Products */,
			);
			sourceTree = "<group>";
		};
		BCDC7CB821F1E2E800D6CDB4 /* Products */ = {
			isa = PBXGroup;
			children = (
				BCDC7CB721F1E2E800D6CDB4 /* AutoLayout-With-ScrollView-and-TextView.app */,
				BCDC7CCB21F1E2EA00D6CDB4 /* AutoLayout-With-ScrollView-and-TextViewTests.xctest */,
				BCDC7CD621F1E2EA00D6CDB4 /* AutoLayout-With-ScrollView-and-TextViewUITests.xctest */,
			);
			name = Products;
			sourceTree = "<group>";
		};
		BCDC7CB921F1E2E800D6CDB4 /* AutoLayout-With-ScrollView-and-TextView */ = {
			isa = PBXGroup;
			children = (
				BCDC7CBA21F1E2E800D6CDB4 /* AppDelegate.swift */,
				BCDC7CBC21F1E2E800D6CDB4 /* ViewController.swift */,
				BCDC7CBE21F1E2E800D6CDB4 /* Main.storyboard */,
				BCDC7CC121F1E2E900D6CDB4 /* Assets.xcassets */,
				BCDC7CC321F1E2E900D6CDB4 /* LaunchScreen.storyboard */,
				BCDC7CC621F1E2E900D6CDB4 /* Info.plist */,
			);
			path = "AutoLayout-With-ScrollView-and-TextView";
			sourceTree = "<group>";
		};
		BCDC7CCE21F1E2EA00D6CDB4 /* AutoLayout-With-ScrollView-and-TextViewTests */ = {
			isa = PBXGroup;
			children = (
				BCDC7CCF21F1E2EA00D6CDB4 /* AutoLayout_With_ScrollView_and_TextViewTests.swift */,
				BCDC7CD121F1E2EA00D6CDB4 /* Info.plist */,
			);
			path = "AutoLayout-With-ScrollView-and-TextViewTests";
			sourceTree = "<group>";
		};
		BCDC7CD921F1E2EA00D6CDB4 /* AutoLayout-With-ScrollView-and-TextViewUITests */ = {
			isa = PBXGroup;
			children = (
				BCDC7CDA21F1E2EA00D6CDB4 /* AutoLayout_With_ScrollView_and_TextViewUITests.swift */,
				BCDC7CDC21F1E2EA00D6CDB4 /* Info.plist */,
			);
			path = "AutoLayout-With-ScrollView-and-TextViewUITests";
			sourceTree = "<group>";
		};
/* End PBXGroup section */

/* Begin PBXNativeTarget section */
		BCDC7CB621F1E2E800D6CDB4 /* AutoLayout-With-ScrollView-and-TextView */ = {
			isa = PBXNativeTarget;
			buildConfigurationList = BCDC7CDF21F1E2EA00D6CDB4 /* Build configuration list for PBXNativeTarget "AutoLayout-With-ScrollView-and-TextView" */;
			buildPhases = (
				BCDC7CB321F1E2E800D6CDB4 /* Sources */,
				BCDC7CB421F1E2E800D6CDB4 /* Frameworks */,
				BCDC7CB521F1E2E800D6CDB4 /* Resources */,
			);
			buildRules = (
			);
			dependencies = (
			);
			name = "AutoLayout-With-ScrollView-and-TextView";
			productName = "AutoLayout-With-ScrollView-and-TextView";
			productReference = BCDC7CB721F1E2E800D6CDB4 /* AutoLayout-With-ScrollView-and-TextView.app */;
			productType = "com.apple.product-type.application";
		};
		BCDC7CCA21F1E2EA00D6CDB4 /* AutoLayout-With-ScrollView-and-TextViewTests */ = {
			isa = PBXNativeTarget;
			buildConfigurationList = BCDC7CE221F1E2EA00D6CDB4 /* Build configuration list for PBXNativeTarget "AutoLayout-With-ScrollView-and-TextViewTests" */;
			buildPhases = (
				BCDC7CC721F1E2EA00D6CDB4 /* Sources */,
				BCDC7CC821F1E2EA00D6CDB4 /* Frameworks */,
				BCDC7CC921F1E2EA00D6CDB4 /* Resources */,
			);
			buildRules = (
			);
			dependencies = (
				BCDC7CCD21F1E2EA00D6CDB4 /* PBXTargetDependency */,
			);
			name = "AutoLayout-With-ScrollView-and-TextViewTests";
			productName = "AutoLayout-With-ScrollView-and-TextViewTests";
			productReference = BCDC7CCB21F1E2EA00D6CDB4 /* AutoLayout-With-ScrollView-and-TextViewTests.xctest */;
			productType = "com.apple.product-type.bundle.unit-test";
		};
		BCDC7CD521F1E2EA00D6CDB4 /* AutoLayout-With-ScrollView-and-TextViewUITests */ = {
			isa = PBXNativeTarget;
			buildConfigurationList = BCDC7CE521F1E2EA00D6CDB4 /* Build configuration list for PBXNativeTarget "AutoLayout-With-ScrollView-and-TextViewUITests" */;
			buildPhases = (
				BCDC7CD221F1E2EA00D6CDB4 /* Sources */,
				BCDC7CD321F1E2EA00D6CDB4 /* Frameworks */,
				BCDC7CD421F1E2EA00D6CDB4 /* Resources */,
			);
			buildRules = (
			);
			dependencies = (
				BCDC7CD821F1E2EA00D6CDB4 /* PBXTargetDependency */,
			);
			name = "AutoLayout-With-ScrollView-and-TextViewUITests";
			productName = "AutoLayout-With-ScrollView-and-TextViewUITests";
			productReference = BCDC7CD621F1E2EA00D6CDB4 /* AutoLayout-With-ScrollView-and-TextViewUITests.xctest */;
			productType = "com.apple.product-type.bundle.ui-testing";
		};
/* End PBXNativeTarget section */

/* Begin PBXProject section */
		BCDC7CAF21F1E2E800D6CDB4 /* Project object */ = {
			isa = PBXProject;
			attributes = {
				LastSwiftUpdateCheck = 1010;
				LastUpgradeCheck = 1010;
				ORGANIZATIONNAME = "Samuel Ollason";
				TargetAttributes = {
					BCDC7CB621F1E2E800D6CDB4 = {
						CreatedOnToolsVersion = 10.1;
					};
					BCDC7CCA21F1E2EA00D6CDB4 = {
						CreatedOnToolsVersion = 10.1;
						TestTargetID = BCDC7CB621F1E2E800D6CDB4;
					};
					BCDC7CD521F1E2EA00D6CDB4 = {
						CreatedOnToolsVersion = 10.1;
						TestTargetID = BCDC7CB621F1E2E800D6CDB4;
					};
				};
			};
			buildConfigurationList = BCDC7CB221F1E2E800D6CDB4 /* Build configuration list for PBXProject "AutoLayout-With-ScrollView-and-TextView" */;
			compatibilityVersion = "Xcode 9.3";
			developmentRegion = en;
			hasScannedForEncodings = 0;
			knownRegions = (
				en,
				Base,
			);
			mainGroup = BCDC7CAE21F1E2E800D6CDB4;
			productRefGroup = BCDC7CB821F1E2E800D6CDB4 /* Products */;
			projectDirPath = "";
			projectRoot = "";
			targets = (
				BCDC7CB621F1E2E800D6CDB4 /* AutoLayout-With-ScrollView-and-TextView */,
				BCDC7CCA21F1E2EA00D6CDB4 /* AutoLayout-With-ScrollView-and-TextViewTests */,
				BCDC7CD521F1E2EA00D6CDB4 /* AutoLayout-With-ScrollView-and-TextViewUITests */,
			);
		};
/* End PBXProject section */

/* Begin PBXResourcesBuildPhase section */
		BCDC7CB521F1E2E800D6CDB4 /* Resources */ = {
			isa = PBXResourcesBuildPhase;
			buildActionMask = 2147483647;
			files = (
				BCDC7CC521F1E2E900D6CDB4 /* LaunchScreen.storyboard in Resources */,
				BCDC7CC221F1E2E900D6CDB4 /* Assets.xcassets in Resources */,
				BCDC7CC021F1E2E800D6CDB4 /* Main.storyboard in Resources */,
			);
			runOnlyForDeploymentPostprocessing = 0;
		};
		BCDC7CC921F1E2EA00D6CDB4 /* Resources */ = {
			isa = PBXResourcesBuildPhase;
			buildActionMask = 2147483647;
			files = (
			);
			runOnlyForDeploymentPostprocessing = 0;
		};
		BCDC7CD421F1E2EA00D6CDB4 /* Resources */ = {
			isa = PBXResourcesBuildPhase;
			buildActionMask = 2147483647;
			files = (
			);
			runOnlyForDeploymentPostprocessing = 0;
		};
/* End PBXResourcesBuildPhase section */

/* Begin PBXSourcesBuildPhase section */
		BCDC7CB321F1E2E800D6CDB4 /* Sources */ = {
			isa = PBXSourcesBuildPhase;
			buildActionMask = 2147483647;
			files = (
				BCDC7CBD21F1E2E800D6CDB4 /* ViewController.swift in Sources */,
				BCDC7CBB21F1E2E800D6CDB4 /* AppDelegate.swift in Sources */,
			);
			runOnlyForDeploymentPostprocessing = 0;
		};
		BCDC7CC721F1E2EA00D6CDB4 /* Sources */ = {
			isa = PBXSourcesBuildPhase;
			buildActionMask = 2147483647;
			files = (
				BCDC7CD021F1E2EA00D6CDB4 /* AutoLayout_With_ScrollView_and_TextViewTests.swift in Sources */,
			);
			runOnlyForDeploymentPostprocessing = 0;
		};
		BCDC7CD221F1E2EA00D6CDB4 /* Sources */ = {
			isa = PBXSourcesBuildPhase;
			buildActionMask = 2147483647;
			files = (
				BCDC7CDB21F1E2EA00D6CDB4 /* AutoLayout_With_ScrollView_and_TextViewUITests.swift in Sources */,
			);
			runOnlyForDeploymentPostprocessing = 0;
		};
/* End PBXSourcesBuildPhase section */

/* Begin PBXTargetDependency section */
		BCDC7CCD21F1E2EA00D6CDB4 /* PBXTargetDependency */ = {
			isa = PBXTargetDependency;
			target = BCDC7CB621F1E2E800D6CDB4 /* AutoLayout-With-ScrollView-and-TextView */;
			targetProxy = BCDC7CCC21F1E2EA00D6CDB4 /* PBXContainerItemProxy */;
		};
		BCDC7CD821F1E2EA00D6CDB4 /* PBXTargetDependency */ = {
			isa = PBXTargetDependency;
			target = BCDC7CB621F1E2E800D6CDB4 /* AutoLayout-With-ScrollView-and-TextView */;
			targetProxy = BCDC7CD721F1E2EA00D6CDB4 /* PBXContainerItemProxy */;
		};
/* End PBXTargetDependency section */

/* Begin PBXVariantGroup section */
		BCDC7CBE21F1E2E800D6CDB4 /* Main.storyboard */ = {
			isa = PBXVariantGroup;
			children = (
				BCDC7CBF21F1E2E800D6CDB4 /* Base */,
			);
			name = Main.storyboard;
			sourceTree = "<group>";
		};
		BCDC7CC321F1E2E900D6CDB4 /* LaunchScreen.storyboard */ = {
			isa = PBXVariantGroup;
			children = (
				BCDC7CC421F1E2E900D6CDB4 /* Base */,
			);
			name = LaunchScreen.storyboard;
			sourceTree = "<group>";
		};
/* End PBXVariantGroup section */

/* Begin XCBuildConfiguration section */
		BCDC7CDD21F1E2EA00D6CDB4 /* Debug */ = {
			isa = XCBuildConfiguration;
			buildSettings = {
				ALWAYS_SEARCH_USER_PATHS = NO;
				CLANG_ANALYZER_NONNULL = YES;
				CLANG_ANALYZER_NUMBER_OBJECT_CONVERSION = YES_AGGRESSIVE;
				CLANG_CXX_LANGUAGE_STANDARD = "gnu++14";
				CLANG_CXX_LIBRARY = "libc++";
				CLANG_ENABLE_MODULES = YES;
				CLANG_ENABLE_OBJC_ARC = YES;
				CLANG_ENABLE_OBJC_WEAK = YES;
				CLANG_WARN_BLOCK_CAPTURE_AUTORELEASING = YES;
				CLANG_WARN_BOOL_CONVERSION = YES;
				CLANG_WARN_COMMA = YES;
				CLANG_WARN_CONSTANT_CONVERSION = YES;
				CLANG_WARN_DEPRECATED_OBJC_IMPLEMENTATIONS = YES;
				CLANG_WARN_DIRECT_OBJC_ISA_USAGE = YES_ERROR;
				CLANG_WARN_DOCUMENTATION_COMMENTS = YES;
				CLANG_WARN_EMPTY_BODY = YES;
				CLANG_WARN_ENUM_CONVERSION = YES;
				CLANG_WARN_INFINITE_RECURSION = YES;
				CLANG_WARN_INT_CONVERSION = YES;
				CLANG_WARN_NON_LITERAL_NULL_CONVERSION = YES;
				CLANG_WARN_OBJC_IMPLICIT_RETAIN_SELF = YES;
				CLANG_WARN_OBJC_LITERAL_CONVERSION = YES;
				CLANG_WARN_OBJC_ROOT_CLASS = YES_ERROR;
				CLANG_WARN_RANGE_LOOP_ANALYSIS = YES;
				CLANG_WARN_STRICT_PROTOTYPES = YES;
				CLANG_WARN_SUSPICIOUS_MOVE = YES;
				CLANG_WARN_UNGUARDED_AVAILABILITY = YES_AGGRESSIVE;
				CLANG_WARN_UNREACHABLE_CODE = YES;
				CLANG_WARN__DUPLICATE_METHOD_MATCH = YES;
				CODE_SIGN_IDENTITY = "iPhone Developer";
				COPY_PHASE_STRIP = NO;
				DEBUG_INFORMATION_FORMAT = dwarf;
				ENABLE_STRICT_OBJC_MSGSEND = YES;
				ENABLE_TESTABILITY = YES;
				GCC_C_LANGUAGE_STANDARD = gnu11;
				GCC_DYNAMIC_NO_PIC = NO;
				GCC_NO_COMMON_BLOCKS = YES;
				GCC_OPTIMIZATION_LEVEL = 0;
				GCC_PREPROCESSOR_DEFINITIONS = (
					"DEBUG=1",
					"$(inherited)",
				);
				GCC_WARN_64_TO_32_BIT_CONVERSION = YES;
				GCC_WARN_ABOUT_RETURN_TYPE = YES_ERROR;
				GCC_WARN_UNDECLARED_SELECTOR = YES;
				GCC_WARN_UNINITIALIZED_AUTOS = YES_AGGRESSIVE;
				GCC_WARN_UNUSED_FUNCTION = YES;
				GCC_WARN_UNUSED_VARIABLE = YES;
				IPHONEOS_DEPLOYMENT_TARGET = 12.1;
				MTL_ENABLE_DEBUG_INFO = INCLUDE_SOURCE;
				MTL_FAST_MATH = YES;
				ONLY_ACTIVE_ARCH = YES;
				SDKROOT = iphoneos;
				SWIFT_ACTIVE_COMPILATION_CONDITIONS = DEBUG;
				SWIFT_OPTIMIZATION_LEVEL = "-Onone";
			};
			name = Debug;
		};
		BCDC7CDE21F1E2EA00D6CDB4 /* Release */ = {
			isa = XCBuildConfiguration;
			buildSettings = {
				ALWAYS_SEARCH_USER_PATHS = NO;
				CLANG_ANALYZER_NONNULL = YES;
				CLANG_ANALYZER_NUMBER_OBJECT_CONVERSION = YES_AGGRESSIVE;
				CLANG_CXX_LANGUAGE_STANDARD = "gnu++14";
				CLANG_CXX_LIBRARY = "libc++";
				CLANG_ENABLE_MODULES = YES;
				CLANG_ENABLE_OBJC_ARC = YES;
				CLANG_ENABLE_OBJC_WEAK = YES;
				CLANG_WARN_BLOCK_CAPTURE_AUTORELEASING = YES;
				CLANG_WARN_BOOL_CONVERSION = YES;
				CLANG_WARN_COMMA = YES;
				CLANG_WARN_CONSTANT_CONVERSION = YES;
				CLANG_WARN_DEPRECATED_OBJC_IMPLEMENTATIONS = YES;
				CLANG_WARN_DIRECT_OBJC_ISA_USAGE = YES_ERROR;
				CLANG_WARN_DOCUMENTATION_COMMENTS = YES;
				CLANG_WARN_EMPTY_BODY = YES;
				CLANG_WARN_ENUM_CONVERSION = YES;
				CLANG_WARN_INFINITE_RECURSION = YES;
				CLANG_WARN_INT_CONVERSION = YES;
				CLANG_WARN_NON_LITERAL_NULL_CONVERSION = YES;
				CLANG_WARN_OBJC_IMPLICIT_RETAIN_SELF = YES;
				CLANG_WARN_OBJC_LITERAL_CONVERSION = YES;
				CLANG_WARN_OBJC_ROOT_CLASS = YES_ERROR;
				CLANG_WARN_RANGE_LOOP_ANALYSIS = YES;
				CLANG_WARN_STRICT_PROTOTYPES = YES;
				CLANG_WARN_SUSPICIOUS_MOVE = YES;
				CLANG_WARN_UNGUARDED_AVAILABILITY = YES_AGGRESSIVE;
				CLANG_WARN_UNREACHABLE_CODE = YES;
				CLANG_WARN__DUPLICATE_METHOD_MATCH = YES;
				CODE_SIGN_IDENTITY = "iPhone Developer";
				COPY_PHASE_STRIP = NO;
				DEBUG_INFORMATION_FORMAT = "dwarf-with-dsym";
				ENABLE_NS_ASSERTIONS = NO;
				ENABLE_STRICT_OBJC_MSGSEND = YES;
				GCC_C_LANGUAGE_STANDARD = gnu11;
				GCC_NO_COMMON_BLOCKS = YES;
				GCC_WARN_64_TO_32_BIT_CONVERSION = YES;
				GCC_WARN_ABOUT_RETURN_TYPE = YES_ERROR;
				GCC_WARN_UNDECLARED_SELECTOR = YES;
				GCC_WARN_UNINITIALIZED_AUTOS = YES_AGGRESSIVE;
				GCC_WARN_UNUSED_FUNCTION = YES;
				GCC_WARN_UNUSED_VARIABLE = YES;
				IPHONEOS_DEPLOYMENT_TARGET = 12.1;
				MTL_ENABLE_DEBUG_INFO = NO;
				MTL_FAST_MATH = YES;
				SDKROOT = iphoneos;
				SWIFT_COMPILATION_MODE = wholemodule;
				SWIFT_OPTIMIZATION_LEVEL = "-O";
				VALIDATE_PRODUCT = YES;
			};
			name = Release;
		};
		BCDC7CE021F1E2EA00D6CDB4 /* Debug */ = {
			isa = XCBuildConfiguration;
			buildSettings = {
				ASSETCATALOG_COMPILER_APPICON_NAME = AppIcon;
				CODE_SIGN_STYLE = Automatic;
				DEVELOPMENT_TEAM = S2M8C8P668;
				INFOPLIST_FILE = "AutoLayout-With-ScrollView-and-TextView/Info.plist";
				LD_RUNPATH_SEARCH_PATHS = (
					"$(inherited)",
					"@executable_path/Frameworks",
				);
				PRODUCT_BUNDLE_IDENTIFIER = "SO.AutoLayout-With-ScrollView-and-TextView";
				PRODUCT_NAME = "$(TARGET_NAME)";
				SWIFT_VERSION = 4.2;
				TARGETED_DEVICE_FAMILY = "1,2";
			};
			name = Debug;
		};
		BCDC7CE121F1E2EA00D6CDB4 /* Release */ = {
			isa = XCBuildConfiguration;
			buildSettings = {
				ASSETCATALOG_COMPILER_APPICON_NAME = AppIcon;
				CODE_SIGN_STYLE = Automatic;
				DEVELOPMENT_TEAM = S2M8C8P668;
				INFOPLIST_FILE = "AutoLayout-With-ScrollView-and-TextView/Info.plist";
				LD_RUNPATH_SEARCH_PATHS = (
					"$(inherited)",
					"@executable_path/Frameworks",
				);
				PRODUCT_BUNDLE_IDENTIFIER = "SO.AutoLayout-With-ScrollView-and-TextView";
				PRODUCT_NAME = "$(TARGET_NAME)";
				SWIFT_VERSION = 4.2;
				TARGETED_DEVICE_FAMILY = "1,2";
			};
			name = Release;
		};
		BCDC7CE321F1E2EA00D6CDB4 /* Debug */ = {
			isa = XCBuildConfiguration;
			buildSettings = {
				ALWAYS_EMBED_SWIFT_STANDARD_LIBRARIES = YES;
				BUNDLE_LOADER = "$(TEST_HOST)";
				CODE_SIGN_STYLE = Automatic;
				DEVELOPMENT_TEAM = S2M8C8P668;
				INFOPLIST_FILE = "AutoLayout-With-ScrollView-and-TextViewTests/Info.plist";
				LD_RUNPATH_SEARCH_PATHS = (
					"$(inherited)",
					"@executable_path/Frameworks",
					"@loader_path/Frameworks",
				);
				PRODUCT_BUNDLE_IDENTIFIER = "SO.AutoLayout-With-ScrollView-and-TextViewTests";
				PRODUCT_NAME = "$(TARGET_NAME)";
				SWIFT_VERSION = 4.2;
				TARGETED_DEVICE_FAMILY = "1,2";
				TEST_HOST = "$(BUILT_PRODUCTS_DIR)/AutoLayout-With-ScrollView-and-TextView.app/AutoLayout-With-ScrollView-and-TextView";
			};
			name = Debug;
		};
		BCDC7CE421F1E2EA00D6CDB4 /* Release */ = {
			isa = XCBuildConfiguration;
			buildSettings = {
				ALWAYS_EMBED_SWIFT_STANDARD_LIBRARIES = YES;
				BUNDLE_LOADER = "$(TEST_HOST)";
				CODE_SIGN_STYLE = Automatic;
				DEVELOPMENT_TEAM = S2M8C8P668;
				INFOPLIST_FILE = "AutoLayout-With-ScrollView-and-TextViewTests/Info.plist";
				LD_RUNPATH_SEARCH_PATHS = (
					"$(inherited)",
					"@executable_path/Frameworks",
					"@loader_path/Frameworks",
				);
				PRODUCT_BUNDLE_IDENTIFIER = "SO.AutoLayout-With-ScrollView-and-TextViewTests";
				PRODUCT_NAME = "$(TARGET_NAME)";
				SWIFT_VERSION = 4.2;
				TARGETED_DEVICE_FAMILY = "1,2";
				TEST_HOST = "$(BUILT_PRODUCTS_DIR)/AutoLayout-With-ScrollView-and-TextView.app/AutoLayout-With-ScrollView-and-TextView";
			};
			name = Release;
		};
		BCDC7CE621F1E2EA00D6CDB4 /* Debug */ = {
			isa = XCBuildConfiguration;
			buildSettings = {
				ALWAYS_EMBED_SWIFT_STANDARD_LIBRARIES = YES;
				CODE_SIGN_STYLE = Automatic;
				DEVELOPMENT_TEAM = S2M8C8P668;
				INFOPLIST_FILE = "AutoLayout-With-ScrollView-and-TextViewUITests/Info.plist";
				LD_RUNPATH_SEARCH_PATHS = (
					"$(inherited)",
					"@executable_path/Frameworks",
					"@loader_path/Frameworks",
				);
				PRODUCT_BUNDLE_IDENTIFIER = "SO.AutoLayout-With-ScrollView-and-TextViewUITests";
				PRODUCT_NAME = "$(TARGET_NAME)";
				SWIFT_VERSION = 4.2;
				TARGETED_DEVICE_FAMILY = "1,2";
				TEST_TARGET_NAME = "AutoLayout-With-ScrollView-and-TextView";
			};
			name = Debug;
		};
		BCDC7CE721F1E2EA00D6CDB4 /* Release */ = {
			isa = XCBuildConfiguration;
			buildSettings = {
				ALWAYS_EMBED_SWIFT_STANDARD_LIBRARIES = YES;
				CODE_SIGN_STYLE = Automatic;
				DEVELOPMENT_TEAM = S2M8C8P668;
				INFOPLIST_FILE = "AutoLayout-With-ScrollView-and-TextViewUITests/Info.plist";
				LD_RUNPATH_SEARCH_PATHS = (
					"$(inherited)",
					"@executable_path/Frameworks",
					"@loader_path/Frameworks",
				);
				PRODUCT_BUNDLE_IDENTIFIER = "SO.AutoLayout-With-ScrollView-and-TextViewUITests";
				PRODUCT_NAME = "$(TARGET_NAME)";
				SWIFT_VERSION = 4.2;
				TARGETED_DEVICE_FAMILY = "1,2";
				TEST_TARGET_NAME = "AutoLayout-With-ScrollView-and-TextView";
			};
			name = Release;
		};
/* End XCBuildConfiguration section */

/* Begin XCConfigurationList section */
		BCDC7CB221F1E2E800D6CDB4 /* Build configuration list for PBXProject "AutoLayout-With-ScrollView-and-TextView" */ = {
			isa = XCConfigurationList;
			buildConfigurations = (
				BCDC7CDD21F1E2EA00D6CDB4 /* Debug */,
				BCDC7CDE21F1E2EA00D6CDB4 /* Release */,
			);
			defaultConfigurationIsVisible = 0;
			defaultConfigurationName = Release;
		};
		BCDC7CDF21F1E2EA00D6CDB4 /* Build configuration list for PBXNativeTarget "AutoLayout-With-ScrollView-and-TextView" */ = {
			isa = XCConfigurationList;
			buildConfigurations = (
				BCDC7CE021F1E2EA00D6CDB4 /* Debug */,
				BCDC7CE121F1E2EA00D6CDB4 /* Release */,
			);
			defaultConfigurationIsVisible = 0;
			defaultConfigurationName = Release;
		};
		BCDC7CE221F1E2EA00D6CDB4 /* Build configuration list for PBXNativeTarget "AutoLayout-With-ScrollView-and-TextViewTests" */ = {
			isa = XCConfigurationList;
			buildConfigurations = (
				BCDC7CE321F1E2EA00D6CDB4 /* Debug */,
				BCDC7CE421F1E2EA00D6CDB4 /* Release */,
			);
			defaultConfigurationIsVisible = 0;
			defaultConfigurationName = Release;
		};
		BCDC7CE521F1E2EA00D6CDB4 /* Build configuration list for PBXNativeTarget "AutoLayout-With-ScrollView-and-TextViewUITests" */ = {
			isa = XCConfigurationList;
			buildConfigurations = (
				BCDC7CE621F1E2EA00D6CDB4 /* Debug */,
				BCDC7CE721F1E2EA00D6CDB4 /* Release */,
			);
			defaultConfigurationIsVisible = 0;
			defaultConfigurationName = Release;
		};
/* End XCConfigurationList section */
	};
	rootObject = BCDC7CAF21F1E2E800D6CDB4 /* Project object */;
}
